
Microsoft Visual Studio Solution File, Format Version 12.00
# Visual Studio 15
VisualStudioVersion = 15.0.27703.2047
MinimumVisualStudioVersion = 10.0.40219.1
Project("{FAE04EC0-301F-11D3-BF4B-00C04F79EFBC}") = "Assignment2inclass", "Assignment2inclass\Assignment2inclass.csproj", "{01EA1450-CFEC-4742-9151-54928D4ED0D0}"
EndProject
Global
	GlobalSection(SolutionConfigurationPlatforms) = preSolution
		Debug|Any CPU = Debug|Any CPU
		Release|Any CPU = Release|Any CPU
	EndGlobalSection
	GlobalSection(ProjectConfigurationPlatforms) = postSolution
		{01EA1450-CFEC-4742-9151-54928D4ED0D0}.Debug|Any CPU.ActiveCfg = Debug|Any CPU
		{01EA1450-CFEC-4742-9151-54928D4ED0D0}.Debug|Any CPU.Build.0 = Debug|Any CPU
		{01EA1450-CFEC-4742-9151-54928D4ED0D0}.Release|Any CPU.ActiveCfg = Release|Any CPU
		{01EA1450-CFEC-4742-9151-54928D4ED0D0}.Release|Any CPU.Build.0 = Release|Any CPU
	EndGlobalSection
	GlobalSection(SolutionProperties) = preSolution
		HideSolutionNode = FALSE
	EndGlobalSection
	GlobalSection(ExtensibilityGlobals) = postSolution
		SolutionGuid = {AFD9EB64-CDB5-434B-B028-88414F8EE173}
	EndGlobalSection
EndGlobal
